# THIS IS AN AUTOGENERATED FILE. DO NOT EDIT THIS FILE DIRECTLY.
# yarn lockfile v1


"@types/node@^22.13.14":
  version "22.13.14"
  resolved "https://registry.npmjs.org/@types/node/-/node-22.13.14.tgz"
  integrity sha512-Zs/Ollc1SJ8nKUAgc7ivOEdIBM8JAKgrqqUYi2J997JuKO7/tpQC+WCetQ1sypiKCQWHdvdg9wBNpUPEWZae7w==
  dependencies:
    undici-types "~6.20.0"

csv-parser@^3.2.0:
  version "3.2.0"
  resolved "https://registry.npmjs.org/csv-parser/-/csv-parser-3.2.0.tgz"
  integrity sha512-fgKbp+AJbn1h2dcAHKIdKNSSjfp43BZZykXsCjzALjKy80VXQNHPFJ6T9Afwdzoj24aMkq8GwDS7KGcDPpejrA==

deeks@3.1.0:
  version "3.1.0"
  resolved "https://registry.yarnpkg.com/deeks/-/deeks-3.1.0.tgz#ecc47c600bcc6dbda656c6d86bbc96cbe126fd41"
  integrity sha512-e7oWH1LzIdv/prMQ7pmlDlaVoL64glqzvNgkgQNgyec9ORPHrT2jaOqMtRyqJuwWjtfb6v+2rk9pmaHj+F137A==

doc-path@4.1.1:
  version "4.1.1"
  resolved "https://registry.yarnpkg.com/doc-path/-/doc-path-4.1.1.tgz#5be8c1671877f6b719af5a6077c41904be8913ac"
  integrity sha512-h1ErTglQAVv2gCnOpD3sFS6uolDbOKHDU1BZq+Kl3npPqroU3dYL42lUgMfd5UimlwtRgp7C9dLGwqQ5D2HYgQ==

json-2-csv@^5.5.9:
  version "5.5.9"
  resolved "https://registry.yarnpkg.com/json-2-csv/-/json-2-csv-5.5.9.tgz#79d5b2d780028809d6e7f8e7e8fab36de5f4a93f"
  integrity sha512-l4g6GZVHrsN+5SKkpOmGNSvho+saDZwXzj/xmcO0lJAgklzwsiqy70HS5tA9djcRvBEybZ9IF6R1MDFTEsaOGQ==
  dependencies:
    deeks "3.1.0"
    doc-path "4.1.1"

undici-types@~6.20.0:
  version "6.20.0"
  resolved "https://registry.npmjs.org/undici-types/-/undici-types-6.20.0.tgz"
  integrity sha512-Ny6QZ2Nju20vw1SRHe3d9jVu6gJ+4e3+MMpqu7pqE5HT6WsTSlce++GQmK5UXS8mzV8DSYHrQH+Xrf2jVcuKNg==
